# This file is autogenerated, do not edit; changes may be undone by the next 'dep ensure'.


[[projects]]
  branch = "master"
  digest = "1:1524ed9504b2a0088e42e1626c92e475b1dfb41efa441937c1a7d73f2e2eb939"
  name = "github.com/aodin/date"
  packages = ["."]
  pruneopts = "UT"
  revision = "c5f6146fc644cedc004c6d9e419094a60a6f653e"

[solve-meta]
  analyzer-name = "dep"
  analyzer-version = 1
  input-imports = ["github.com/aodin/date"]
  solver-name = "gps-cdcl"
  solver-version = 1
